
Microsoft Visual Studio Solution File, Format Version 12.00
# Visual Studio Express 2013 for Web
VisualStudioVersion = 12.0.21005.1
MinimumVisualStudioVersion = 10.0.40219.1
Project("{FAE04EC0-301F-11D3-BF4B-00C04F79EFBC}") = "DataAccessLayer.Core", "DataAccessLayer\DataAccessLayer.Core.csproj", "{1CC2390C-09EB-4671-9701-62B7B40EF0C3}"
EndProject
Project("{FAE04EC0-301F-11D3-BF4B-00C04F79EFBC}") = "DataAccessLayer.Services", "DataAcessLayer.Services\DataAccessLayer.Services.csproj", "{5BDFC377-5D20-49A7-8BE5-9C4852987C66}"
EndProject
Project("{FAE04EC0-301F-11D3-BF4B-00C04F79EFBC}") = "DataAccessLayer.Entities", "DataAccessLayer.Entities\DataAccessLayer.Entities.csproj", "{6397F5AF-35AE-4B6B-B378-808A450BDC52}"
EndProject
Global
	GlobalSection(SolutionConfigurationPlatforms) = preSolution
		Debug|Any CPU = Debug|Any CPU
		Release|Any CPU = Release|Any CPU
	EndGlobalSection
	GlobalSection(ProjectConfigurationPlatforms) = postSolution
		{1CC2390C-09EB-4671-9701-62B7B40EF0C3}.Debug|Any CPU.ActiveCfg = Debug|Any CPU
		{1CC2390C-09EB-4671-9701-62B7B40EF0C3}.Debug|Any CPU.Build.0 = Debug|Any CPU
		{1CC2390C-09EB-4671-9701-62B7B40EF0C3}.Release|Any CPU.ActiveCfg = Release|Any CPU
		{1CC2390C-09EB-4671-9701-62B7B40EF0C3}.Release|Any CPU.Build.0 = Release|Any CPU
		{5BDFC377-5D20-49A7-8BE5-9C4852987C66}.Debug|Any CPU.ActiveCfg = Debug|Any CPU
		{5BDFC377-5D20-49A7-8BE5-9C4852987C66}.Debug|Any CPU.Build.0 = Debug|Any CPU
		{5BDFC377-5D20-49A7-8BE5-9C4852987C66}.Release|Any CPU.ActiveCfg = Release|Any CPU
		{5BDFC377-5D20-49A7-8BE5-9C4852987C66}.Release|Any CPU.Build.0 = Release|Any CPU
		{6397F5AF-35AE-4B6B-B378-808A450BDC52}.Debug|Any CPU.ActiveCfg = Debug|Any CPU
		{6397F5AF-35AE-4B6B-B378-808A450BDC52}.Debug|Any CPU.Build.0 = Debug|Any CPU
		{6397F5AF-35AE-4B6B-B378-808A450BDC52}.Release|Any CPU.ActiveCfg = Release|Any CPU
		{6397F5AF-35AE-4B6B-B378-808A450BDC52}.Release|Any CPU.Build.0 = Release|Any CPU
	EndGlobalSection
	GlobalSection(SolutionProperties) = preSolution
		HideSolutionNode = FALSE
	EndGlobalSection
	GlobalSection(ExtensibilityGlobals) = postSolution
		EnterpriseLibraryConfigurationToolBinariesPathV6 = packages\EnterpriseLibrary.Common.6.0.1304.0\lib\NET45;packages\EnterpriseLibrary.Data.6.0.1304.0\lib\NET45
	EndGlobalSection
EndGlobal
